<?xml version="1.0" encoding="utf-8"?>
<Project ToolsVersion="4.0" xmlns="http://schemas.microsoft.com/developer/msbuild/2003">
  <ItemGroup>
    <Filter Include="Source Files">
      <UniqueIdentifier>{4FC737F1-C7A5-4376-A066-2A32D752A2FF}</UniqueIdentifier>
      <Extensions>cpp;c;cc;cxx;def;odl;idl;hpj;bat;asm;asmx</Extensions>
    </Filter>
    <Filter Include="Header Files">
      <UniqueIdentifier>{93995380-89BD-4b04-88EB-625FBE52EBFB}</UniqueIdentifier>
      <Extensions>h;hpp;hxx;hm;inl;inc;xsd</Extensions>
    </Filter>
    <Filter Include="Resource Files">
      <UniqueIdentifier>{67DA6AB6-F800-4c08-8B7A-83BB121AAD01}</UniqueIdentifier>
      <Extensions>rc;ico;cur;bmp;dlg;rc2;rct;bin;rgs;gif;jpg;jpeg;jpe;resx;tiff;tif;png;wav;mfcribbon-ms</Extensions>
    </Filter>
  </ItemGroup>
  <ItemGroup>
    <None Include="ReadMe.txt" />
    <None Include="app.ico">
      <Filter>Resource Files</Filter>
    </None>
  </ItemGroup>
  <ItemGroup>
    <ClCompile Include="Park CleanUp 2.cpp">
      <Filter>Source Files</Filter>
    </ClCompile>
    <ClCompile Include="AssemblyInfo.cpp">
      <Filter>Source Files</Filter>
    </ClCompile>
    <ClCompile Include="stdafx.cpp">
      <Filter>Source Files</Filter>
    </ClCompile>
    <ClCompile Include="BinfileReader.cpp">
      <Filter>Source Files</Filter>
    </ClCompile>
    <ClCompile Include="R3AReader.cpp">
      <Filter>Source Files</Filter>
    </ClCompile>
    <ClCompile Include="R3Path.cpp">
      <Filter>Source Files</Filter>
    </ClCompile>
    <ClCompile Include="TrackEdit.cpp">
      <Filter>Source Files</Filter>
    </ClCompile>
    <ClCompile Include="Form1.cpp">
      <Filter>Source Files</Filter>
    </ClCompile>
    <ClCompile Include="shared.cpp">
      <Filter>Source Files</Filter>
    </ClCompile>
    <ClCompile Include="OVLReader.cpp">
      <Filter>Source Files</Filter>
    </ClCompile>
    <ClCompile Include="SHA1.cpp">
      <Filter>Source Files</Filter>
    </ClCompile>
    <ClCompile Include="Tutorial.cpp">
      <Filter>Source Files</Filter>
    </ClCompile>
    <ClCompile Include="ParkAnalyser.cpp">
      <Filter>Source Files</Filter>
    </ClCompile>
    <ClCompile Include="R3FileDialog.cpp">
      <Filter>Source Files</Filter>
    </ClCompile>
    <ClCompile Include="RideEdit.cpp">
      <Filter>Source Files</Filter>
    </ClCompile>
    <ClCompile Include="StallEdit.cpp">
      <Filter>Source Files</Filter>
    </ClCompile>
  </ItemGroup>
  <ItemGroup>
    <ClInclude Include="Form1.h">
      <Filter>Header Files</Filter>
    </ClInclude>
    <ClInclude Include="stdafx.h">
      <Filter>Header Files</Filter>
    </ClInclude>
    <ClInclude Include="resource.h">
      <Filter>Header Files</Filter>
    </ClInclude>
    <ClInclude Include="BinfileReader.h">
      <Filter>Header Files</Filter>
    </ClInclude>
    <ClInclude Include="R3AReader.h">
      <Filter>Header Files</Filter>
    </ClInclude>
    <ClInclude Include="AdditionalStructs.h">
      <Filter>Header Files</Filter>
    </ClInclude>
    <ClInclude Include="R3Path.h">
      <Filter>Header Files</Filter>
    </ClInclude>
    <ClInclude Include="TrackEdit.h">
      <Filter>Header Files</Filter>
    </ClInclude>
    <ClInclude Include="shared.h">
      <Filter>Header Files</Filter>
    </ClInclude>
    <ClInclude Include="OVLReader.h">
      <Filter>Header Files</Filter>
    </ClInclude>
    <ClInclude Include="SHA1.h">
      <Filter>Header Files</Filter>
    </ClInclude>
    <ClInclude Include="Tutorial.h">
      <Filter>Header Files</Filter>
    </ClInclude>
    <ClInclude Include="R3FileDialog.h">
      <Filter>Header Files</Filter>
    </ClInclude>
    <ClInclude Include="ParkAnalyser.h">
      <Filter>Header Files</Filter>
    </ClInclude>
    <ClInclude Include="RideEdit.h">
      <Filter>Header Files</Filter>
    </ClInclude>
    <ClInclude Include="StallEdit.h">
      <Filter>Header Files</Filter>
    </ClInclude>
  </ItemGroup>
  <ItemGroup>
    <ResourceCompile Include="app.rc">
      <Filter>Resource Files</Filter>
    </ResourceCompile>
  </ItemGroup>
  <ItemGroup>
    <EmbeddedResource Include="Form1.resX">
      <Filter>Resource Files</Filter>
    </EmbeddedResource>
    <EmbeddedResource Include="TrackEdit.resx">
      <Filter>Resource Files</Filter>
    </EmbeddedResource>
    <EmbeddedResource Include="Tutorial.resx">
      <Filter>Resource Files</Filter>
    </EmbeddedResource>
    <EmbeddedResource Include="R3FileDialog.resx">
      <Filter>Resource Files</Filter>
    </EmbeddedResource>
    <EmbeddedResource Include="RideEdit.resx">
      <Filter>Resource Files</Filter>
    </EmbeddedResource>
    <EmbeddedResource Include="StallEdit.resx">
      <Filter>Resource Files</Filter>
    </EmbeddedResource>
  </ItemGroup>
  <ItemGroup>
    <Text Include="strdmp.txt">
      <Filter>Resource Files</Filter>
    </Text>
  </ItemGroup>
</Project>